// !$*UTF8*$!
{
	archiveVersion = 1;
	classes = {
	};
	objectVersion = 46;
	objects = {

/* Begin PBXBuildFile section */
		CB659468184BFE480083F676 /* Cocoa.framework in Frameworks */ = {isa = PBXBuildFile; fileRef = CB659467184BFE480083F676 /* Cocoa.framework */; };
		CB659472184BFE480083F676 /* InfoPlist.strings in Resources */ = {isa = PBXBuildFile; fileRef = CB659470184BFE480083F676 /* InfoPlist.strings */; };
		CB659474184BFE480083F676 /* main.m in Sources */ = {isa = PBXBuildFile; fileRef = CB659473184BFE480083F676 /* main.m */; };
		CB65947B184BFE480083F676 /* CoruscationDelegate.m in Sources */ = {isa = PBXBuildFile; fileRef = CB65947A184BFE480083F676 /* CoruscationDelegate.m */; };
		CB65947E184BFE480083F676 /* MainMenu.xib in Resources */ = {isa = PBXBuildFile; fileRef = CB65947C184BFE480083F676 /* MainMenu.xib */; };
		CB659483184BFE480083F676 /* Images.xcassets in Resources */ = {isa = PBXBuildFile; fileRef = CB659482184BFE480083F676 /* Images.xcassets */; };
		CB6594B9184BFF7C0083F676 /* _SparkleBundle.m in Sources */ = {isa = PBXBuildFile; fileRef = CB6594B6184BFF7C0083F676 /* _SparkleBundle.m */; };
		CB6594BA184BFF7C0083F676 /* SparkleBundle.m in Sources */ = {isa = PBXBuildFile; fileRef = CB6594B8184BFF7C0083F676 /* SparkleBundle.m */; };
		CB6594CC184C022B0083F676 /* CheckAppUpdateOperation.m in Sources */ = {isa = PBXBuildFile; fileRef = CB6594BD184C022B0083F676 /* CheckAppUpdateOperation.m */; };
		CB6594CD184C022B0083F676 /* CoruscationCollectionView.m in Sources */ = {isa = PBXBuildFile; fileRef = CB6594BF184C022B0083F676 /* CoruscationCollectionView.m */; };
		CB6594CF184C022B0083F676 /* FindSparkleBundlesOperation.m in Sources */ = {isa = PBXBuildFile; fileRef = CB6594C3184C022B0083F676 /* FindSparkleBundlesOperation.m */; };
		CB6594D0184C022B0083F676 /* NSFileManager+CoruscationAdditions.m in Sources */ = {isa = PBXBuildFile; fileRef = CB6594C5184C022B0083F676 /* NSFileManager+CoruscationAdditions.m */; };
		CB6594D2184C022B0083F676 /* RolloverButton.m in Sources */ = {isa = PBXBuildFile; fileRef = CB6594C9184C022B0083F676 /* RolloverButton.m */; };
		CB6594D3184C022B0083F676 /* UpdateCountTransformer.m in Sources */ = {isa = PBXBuildFile; fileRef = CB6594CB184C022B0083F676 /* UpdateCountTransformer.m */; };
		CB6594E2184C02E40083F676 /* Credits.html in Resources */ = {isa = PBXBuildFile; fileRef = CB6594D4184C02E40083F676 /* Credits.html */; };
		CB6594EE184C03080083F676 /* Coruscation Help in Resources */ = {isa = PBXBuildFile; fileRef = CB6594ED184C03080083F676 /* Coruscation Help */; };
		CB6594F1184C07F90083F676 /* ServiceManagement.framework in Frameworks */ = {isa = PBXBuildFile; fileRef = CB6594F0184C07F90083F676 /* ServiceManagement.framework */; };
		CB6D6355184C0A7F00283027 /* Sparkle.framework in Frameworks */ = {isa = PBXBuildFile; fileRef = CB6594A7184BFEDD0083F676 /* Sparkle.framework */; };
		CB6D6357184C0A9D00283027 /* Sparkle.framework in Copy Frameworks */ = {isa = PBXBuildFile; fileRef = CB6594A7184BFEDD0083F676 /* Sparkle.framework */; };
		CB7C3804184C0E2E007E703A /* Coruscation.xcdatamodeld in Sources */ = {isa = PBXBuildFile; fileRef = CB7C3802184C0E2E007E703A /* Coruscation.xcdatamodeld */; };
/* End PBXBuildFile section */

/* Begin PBXContainerItemProxy section */
		CB6594A6184BFEDD0083F676 /* PBXContainerItemProxy */ = {
			isa = PBXContainerItemProxy;
			containerPortal = CB65949E184BFEDD0083F676 /* Sparkle.xcodeproj */;
			proxyType = 2;
			remoteGlobalIDString = 8DC2EF5B0486A6940098B216;
			remoteInfo = Sparkle;
		};
		CB6594A8184BFEDD0083F676 /* PBXContainerItemProxy */ = {
			isa = PBXContainerItemProxy;
			containerPortal = CB65949E184BFEDD0083F676 /* Sparkle.xcodeproj */;
			proxyType = 2;
			remoteGlobalIDString = 61B5F90209C4CEE200B25A18;
			remoteInfo = "Sparkle Test App";
		};
		CB6594AA184BFEDD0083F676 /* PBXContainerItemProxy */ = {
			isa = PBXContainerItemProxy;
			containerPortal = CB65949E184BFEDD0083F676 /* Sparkle.xcodeproj */;
			proxyType = 2;
			remoteGlobalIDString = 612279D90DB5470200AB99EA;
			remoteInfo = "Sparkle Unit Tests";
		};
		CB6594AC184BFEDD0083F676 /* PBXContainerItemProxy */ = {
			isa = PBXContainerItemProxy;
			containerPortal = CB65949E184BFEDD0083F676 /* Sparkle.xcodeproj */;
			proxyType = 2;
			remoteGlobalIDString = 5D06E8D00FD68C7C005AE3F6;
			remoteInfo = BinaryDelta;
		};
		CB6594AE184BFEDD0083F676 /* PBXContainerItemProxy */ = {
			isa = PBXContainerItemProxy;
			containerPortal = CB65949E184BFEDD0083F676 /* Sparkle.xcodeproj */;
			proxyType = 2;
			remoteGlobalIDString = 55C14BB7136EEF1500649790;
			remoteInfo = finish_installation;
		};
		CB6D634E184C0A7000283027 /* PBXContainerItemProxy */ = {
			isa = PBXContainerItemProxy;
			containerPortal = CB65949E184BFEDD0083F676 /* Sparkle.xcodeproj */;
			proxyType = 1;
			remoteGlobalIDString = 8DC2EF4F0486A6940098B216;
			remoteInfo = Sparkle;
		};
/* End PBXContainerItemProxy section */

/* Begin PBXCopyFilesBuildPhase section */
		CB6D6356184C0A9400283027 /* Copy Frameworks */ = {
			isa = PBXCopyFilesBuildPhase;
			buildActionMask = 2147483647;
			dstPath = "";
			dstSubfolderSpec = 10;
			files = (
				CB6D6357184C0A9D00283027 /* Sparkle.framework in Copy Frameworks */,
			);
			name = "Copy Frameworks";
			runOnlyForDeploymentPostprocessing = 0;
		};
/* End PBXCopyFilesBuildPhase section */

/* Begin PBXFileReference section */
		CB0FB142184D58500091B68F /* appcast.xml */ = {isa = PBXFileReference; lastKnownFileType = text.xml; path = appcast.xml; sourceTree = "<group>"; };
		CB0FB143184D58500091B68F /* relnotes.html */ = {isa = PBXFileReference; lastKnownFileType = text.html; path = relnotes.html; sourceTree = "<group>"; };
		CB659464184BFE480083F676 /* Coruscation.app */ = {isa = PBXFileReference; explicitFileType = wrapper.application; includeInIndex = 0; path = Coruscation.app; sourceTree = BUILT_PRODUCTS_DIR; };
		CB659467184BFE480083F676 /* Cocoa.framework */ = {isa = PBXFileReference; lastKnownFileType = wrapper.framework; name = Cocoa.framework; path = System/Library/Frameworks/Cocoa.framework; sourceTree = SDKROOT; };
		CB65946F184BFE480083F676 /* Coruscation-Info.plist */ = {isa = PBXFileReference; lastKnownFileType = text.plist.xml; path = "Coruscation-Info.plist"; sourceTree = "<group>"; };
		CB659471184BFE480083F676 /* en */ = {isa = PBXFileReference; lastKnownFileType = text.plist.strings; name = en; path = en.lproj/InfoPlist.strings; sourceTree = "<group>"; };
		CB659473184BFE480083F676 /* main.m */ = {isa = PBXFileReference; lastKnownFileType = sourcecode.c.objc; path = main.m; sourceTree = "<group>"; };
		CB659475184BFE480083F676 /* Coruscation-Prefix.pch */ = {isa = PBXFileReference; lastKnownFileType = sourcecode.c.h; path = "Coruscation-Prefix.pch"; sourceTree = "<group>"; };
		CB659479184BFE480083F676 /* CoruscationDelegate.h */ = {isa = PBXFileReference; lastKnownFileType = sourcecode.c.h; path = CoruscationDelegate.h; sourceTree = "<group>"; };
		CB65947A184BFE480083F676 /* CoruscationDelegate.m */ = {isa = PBXFileReference; lastKnownFileType = sourcecode.c.objc; path = CoruscationDelegate.m; sourceTree = "<group>"; };
		CB65947D184BFE480083F676 /* Base */ = {isa = PBXFileReference; lastKnownFileType = file.xib; name = Base; path = Base.lproj/MainMenu.xib; sourceTree = "<group>"; };
		CB659482184BFE480083F676 /* Images.xcassets */ = {isa = PBXFileReference; lastKnownFileType = folder.assetcatalog; path = Images.xcassets; sourceTree = "<group>"; };
		CB65949E184BFEDD0083F676 /* Sparkle.xcodeproj */ = {isa = PBXFileReference; lastKnownFileType = "wrapper.pb-project"; name = Sparkle.xcodeproj; path = Vendor/Sparkle/Sparkle.xcodeproj; sourceTree = "<group>"; };
		CB6594B5184BFF7C0083F676 /* _SparkleBundle.h */ = {isa = PBXFileReference; fileEncoding = 4; lastKnownFileType = sourcecode.c.h; path = _SparkleBundle.h; sourceTree = "<group>"; };
		CB6594B6184BFF7C0083F676 /* _SparkleBundle.m */ = {isa = PBXFileReference; fileEncoding = 4; lastKnownFileType = sourcecode.c.objc; path = _SparkleBundle.m; sourceTree = "<group>"; };
		CB6594B7184BFF7C0083F676 /* SparkleBundle.h */ = {isa = PBXFileReference; fileEncoding = 4; lastKnownFileType = sourcecode.c.h; path = SparkleBundle.h; sourceTree = "<group>"; };
		CB6594B8184BFF7C0083F676 /* SparkleBundle.m */ = {isa = PBXFileReference; fileEncoding = 4; lastKnownFileType = sourcecode.c.objc; path = SparkleBundle.m; sourceTree = "<group>"; };
		CB6594BC184C022B0083F676 /* CheckAppUpdateOperation.h */ = {isa = PBXFileReference; fileEncoding = 4; lastKnownFileType = sourcecode.c.h; path = CheckAppUpdateOperation.h; sourceTree = "<group>"; };
		CB6594BD184C022B0083F676 /* CheckAppUpdateOperation.m */ = {isa = PBXFileReference; fileEncoding = 4; lastKnownFileType = sourcecode.c.objc; path = CheckAppUpdateOperation.m; sourceTree = "<group>"; };
		CB6594BE184C022B0083F676 /* CoruscationCollectionView.h */ = {isa = PBXFileReference; fileEncoding = 4; lastKnownFileType = sourcecode.c.h; path = CoruscationCollectionView.h; sourceTree = "<group>"; };
		CB6594BF184C022B0083F676 /* CoruscationCollectionView.m */ = {isa = PBXFileReference; fileEncoding = 4; lastKnownFileType = sourcecode.c.objc; path = CoruscationCollectionView.m; sourceTree = "<group>"; };
		CB6594C2184C022B0083F676 /* FindSparkleBundlesOperation.h */ = {isa = PBXFileReference; fileEncoding = 4; lastKnownFileType = sourcecode.c.h; path = FindSparkleBundlesOperation.h; sourceTree = "<group>"; };
		CB6594C3184C022B0083F676 /* FindSparkleBundlesOperation.m */ = {isa = PBXFileReference; fileEncoding = 4; lastKnownFileType = sourcecode.c.objc; path = FindSparkleBundlesOperation.m; sourceTree = "<group>"; };
		CB6594C4184C022B0083F676 /* NSFileManager+CoruscationAdditions.h */ = {isa = PBXFileReference; fileEncoding = 4; lastKnownFileType = sourcecode.c.h; path = "NSFileManager+CoruscationAdditions.h"; sourceTree = "<group>"; };
		CB6594C5184C022B0083F676 /* NSFileManager+CoruscationAdditions.m */ = {isa = PBXFileReference; fileEncoding = 4; lastKnownFileType = sourcecode.c.objc; path = "NSFileManager+CoruscationAdditions.m"; sourceTree = "<group>"; };
		CB6594C8184C022B0083F676 /* RolloverButton.h */ = {isa = PBXFileReference; fileEncoding = 4; lastKnownFileType = sourcecode.c.h; path = RolloverButton.h; sourceTree = "<group>"; };
		CB6594C9184C022B0083F676 /* RolloverButton.m */ = {isa = PBXFileReference; fileEncoding = 4; lastKnownFileType = sourcecode.c.objc; path = RolloverButton.m; sourceTree = "<group>"; };
		CB6594CA184C022B0083F676 /* UpdateCountTransformer.h */ = {isa = PBXFileReference; fileEncoding = 4; lastKnownFileType = sourcecode.c.h; path = UpdateCountTransformer.h; sourceTree = "<group>"; };
		CB6594CB184C022B0083F676 /* UpdateCountTransformer.m */ = {isa = PBXFileReference; fileEncoding = 4; lastKnownFileType = sourcecode.c.objc; path = UpdateCountTransformer.m; sourceTree = "<group>"; };
		CB6594D4184C02E40083F676 /* Credits.html */ = {isa = PBXFileReference; fileEncoding = 4; lastKnownFileType = text.html; path = Credits.html; sourceTree = "<group>"; };
		CB6594ED184C03080083F676 /* Coruscation Help */ = {isa = PBXFileReference; lastKnownFileType = folder; path = "Coruscation Help"; sourceTree = "<group>"; };
		CB6594F0184C07F90083F676 /* ServiceManagement.framework */ = {isa = PBXFileReference; lastKnownFileType = wrapper.framework; name = ServiceManagement.framework; path = System/Library/Frameworks/ServiceManagement.framework; sourceTree = SDKROOT; };
		CB7C3803184C0E2E007E703A /* Coruscation.xcdatamodel */ = {isa = PBXFileReference; lastKnownFileType = wrapper.xcdatamodel; path = Coruscation.xcdatamodel; sourceTree = "<group>"; };
/* End PBXFileReference section */

/* Begin PBXFrameworksBuildPhase section */
		CB659461184BFE480083F676 /* Frameworks */ = {
			isa = PBXFrameworksBuildPhase;
			buildActionMask = 2147483647;
			files = (
				CB6D6355184C0A7F00283027 /* Sparkle.framework in Frameworks */,
				CB6594F1184C07F90083F676 /* ServiceManagement.framework in Frameworks */,
				CB659468184BFE480083F676 /* Cocoa.framework in Frameworks */,
			);
			runOnlyForDeploymentPostprocessing = 0;
		};
/* End PBXFrameworksBuildPhase section */

/* Begin PBXGroup section */
		CB65945B184BFE480083F676 = {
			isa = PBXGroup;
			children = (
				CB0FB142184D58500091B68F /* appcast.xml */,
				CB0FB143184D58500091B68F /* relnotes.html */,
				CB65946D184BFE480083F676 /* Coruscation */,
				CB659466184BFE480083F676 /* Frameworks */,
				CB659465184BFE480083F676 /* Products */,
			);
			sourceTree = "<group>";
		};
		CB659465184BFE480083F676 /* Products */ = {
			isa = PBXGroup;
			children = (
				CB659464184BFE480083F676 /* Coruscation.app */,
			);
			name = Products;
			sourceTree = "<group>";
		};
		CB659466184BFE480083F676 /* Frameworks */ = {
			isa = PBXGroup;
			children = (
				CB65949E184BFEDD0083F676 /* Sparkle.xcodeproj */,
				CB659467184BFE480083F676 /* Cocoa.framework */,
				CB6594F0184C07F90083F676 /* ServiceManagement.framework */,
			);
			name = Frameworks;
			sourceTree = "<group>";
		};
		CB65946D184BFE480083F676 /* Coruscation */ = {
			isa = PBXGroup;
			children = (
				CB65947C184BFE480083F676 /* MainMenu.xib */,
				CB659479184BFE480083F676 /* CoruscationDelegate.h */,
				CB65947A184BFE480083F676 /* CoruscationDelegate.m */,
				CB750F18184C1AD000A4F67D /* Operations */,
				CB750F19184C1ADA00A4F67D /* UI */,
				CBE712C4184C225D00B2E8D9 /* Categories */,
				CBE712C9184C226300B2E8D9 /* Value Transformer */,
				CB6594BB184BFF8A0083F676 /* Model */,
				CBE712CA184C227F00B2E8D9 /* Resources */,
				CB65946E184BFE480083F676 /* Supporting Files */,
			);
			path = Coruscation;
			sourceTree = "<group>";
		};
		CB65946E184BFE480083F676 /* Supporting Files */ = {
			isa = PBXGroup;
			children = (
				CB65946F184BFE480083F676 /* Coruscation-Info.plist */,
				CB659475184BFE480083F676 /* Coruscation-Prefix.pch */,
				CB659470184BFE480083F676 /* InfoPlist.strings */,
				CB659473184BFE480083F676 /* main.m */,
			);
			name = "Supporting Files";
			sourceTree = "<group>";
		};
		CB65949F184BFEDD0083F676 /* Products */ = {
			isa = PBXGroup;
			children = (
				CB6594A7184BFEDD0083F676 /* Sparkle.framework */,
				CB6594A9184BFEDD0083F676 /* Sparkle Test App.app */,
				CB6594AB184BFEDD0083F676 /* Sparkle Unit Tests.octest */,
				CB6594AD184BFEDD0083F676 /* BinaryDelta */,
				CB6594AF184BFEDD0083F676 /* finish_installation.app */,
			);
			name = Products;
			sourceTree = "<group>";
		};
		CB6594BB184BFF8A0083F676 /* Model */ = {
			isa = PBXGroup;
			children = (
				CB7C3802184C0E2E007E703A /* Coruscation.xcdatamodeld */,
				CB6594B5184BFF7C0083F676 /* _SparkleBundle.h */,
				CB6594B6184BFF7C0083F676 /* _SparkleBundle.m */,
				CB6594B7184BFF7C0083F676 /* SparkleBundle.h */,
				CB6594B8184BFF7C0083F676 /* SparkleBundle.m */,
			);
			name = Model;
			sourceTree = "<group>";
		};
		CB750F18184C1AD000A4F67D /* Operations */ = {
			isa = PBXGroup;
			children = (
				CB6594BC184C022B0083F676 /* CheckAppUpdateOperation.h */,
				CB6594BD184C022B0083F676 /* CheckAppUpdateOperation.m */,
				CB6594C2184C022B0083F676 /* FindSparkleBundlesOperation.h */,
				CB6594C3184C022B0083F676 /* FindSparkleBundlesOperation.m */,
			);
			name = Operations;
			sourceTree = "<group>";
		};
		CB750F19184C1ADA00A4F67D /* UI */ = {
			isa = PBXGroup;
			children = (
				CB6594BE184C022B0083F676 /* CoruscationCollectionView.h */,
				CB6594BF184C022B0083F676 /* CoruscationCollectionView.m */,
				CB6594C8184C022B0083F676 /* RolloverButton.h */,
				CB6594C9184C022B0083F676 /* RolloverButton.m */,
			);
			name = UI;
			sourceTree = "<group>";
		};
		CBE712C4184C225D00B2E8D9 /* Categories */ = {
			isa = PBXGroup;
			children = (
				CB6594C4184C022B0083F676 /* NSFileManager+CoruscationAdditions.h */,
				CB6594C5184C022B0083F676 /* NSFileManager+CoruscationAdditions.m */,
			);
			name = Categories;
			sourceTree = "<group>";
		};
		CBE712C9184C226300B2E8D9 /* Value Transformer */ = {
			isa = PBXGroup;
			children = (
				CB6594CA184C022B0083F676 /* UpdateCountTransformer.h */,
				CB6594CB184C022B0083F676 /* UpdateCountTransformer.m */,
			);
			name = "Value Transformer";
			sourceTree = "<group>";
		};
		CBE712CA184C227F00B2E8D9 /* Resources */ = {
			isa = PBXGroup;
			children = (
				CB659482184BFE480083F676 /* Images.xcassets */,
				CB6594ED184C03080083F676 /* Coruscation Help */,
				CB6594D4184C02E40083F676 /* Credits.html */,
			);
			name = Resources;
			sourceTree = "<group>";
		};
/* End PBXGroup section */

/* Begin PBXNativeTarget section */
		CB659463184BFE480083F676 /* Coruscation */ = {
			isa = PBXNativeTarget;
			buildConfigurationList = CB659498184BFE480083F676 /* Build configuration list for PBXNativeTarget "Coruscation" */;
			buildPhases = (
				CB659460184BFE480083F676 /* Sources */,
				CB659461184BFE480083F676 /* Frameworks */,
				CB659462184BFE480083F676 /* Resources */,
				CB6D6356184C0A9400283027 /* Copy Frameworks */,
				CBE712CD184C230000B2E8D9 /* Codesign Frameworks */,
			);
			buildRules = (
			);
			dependencies = (
				CB6D634F184C0A7000283027 /* PBXTargetDependency */,
			);
			name = Coruscation;
			productName = Coruscation;
			productReference = CB659464184BFE480083F676 /* Coruscation.app */;
			productType = "com.apple.product-type.application";
		};
/* End PBXNativeTarget section */

/* Begin PBXProject section */
		CB65945C184BFE480083F676 /* Project object */ = {
			isa = PBXProject;
			attributes = {
				CLASSPREFIX = COR;
				LastUpgradeCheck = 0500;
				ORGANIZATIONNAME = "Karl Moskowski";
			};
			buildConfigurationList = CB65945F184BFE480083F676 /* Build configuration list for PBXProject "Coruscation" */;
			compatibilityVersion = "Xcode 3.2";
			developmentRegion = English;
			hasScannedForEncodings = 0;
			knownRegions = (
				en,
				Base,
			);
			mainGroup = CB65945B184BFE480083F676;
			productRefGroup = CB659465184BFE480083F676 /* Products */;
			projectDirPath = "";
			projectReferences = (
				{
					ProductGroup = CB65949F184BFEDD0083F676 /* Products */;
					ProjectRef = CB65949E184BFEDD0083F676 /* Sparkle.xcodeproj */;
				},
			);
			projectRoot = "";
			targets = (
				CB659463184BFE480083F676 /* Coruscation */,
			);
		};
/* End PBXProject section */

/* Begin PBXReferenceProxy section */
		CB6594A7184BFEDD0083F676 /* Sparkle.framework */ = {
			isa = PBXReferenceProxy;
			fileType = wrapper.framework;
			path = Sparkle.framework;
			remoteRef = CB6594A6184BFEDD0083F676 /* PBXContainerItemProxy */;
			sourceTree = BUILT_PRODUCTS_DIR;
		};
		CB6594A9184BFEDD0083F676 /* Sparkle Test App.app */ = {
			isa = PBXReferenceProxy;
			fileType = wrapper.application;
			path = "Sparkle Test App.app";
			remoteRef = CB6594A8184BFEDD0083F676 /* PBXContainerItemProxy */;
			sourceTree = BUILT_PRODUCTS_DIR;
		};
		CB6594AB184BFEDD0083F676 /* Sparkle Unit Tests.octest */ = {
			isa = PBXReferenceProxy;
			fileType = wrapper.cfbundle;
			path = "Sparkle Unit Tests.octest";
			remoteRef = CB6594AA184BFEDD0083F676 /* PBXContainerItemProxy */;
			sourceTree = BUILT_PRODUCTS_DIR;
		};
		CB6594AD184BFEDD0083F676 /* BinaryDelta */ = {
			isa = PBXReferenceProxy;
			fileType = "compiled.mach-o.executable";
			path = BinaryDelta;
			remoteRef = CB6594AC184BFEDD0083F676 /* PBXContainerItemProxy */;
			sourceTree = BUILT_PRODUCTS_DIR;
		};
		CB6594AF184BFEDD0083F676 /* finish_installation.app */ = {
			isa = PBXReferenceProxy;
			fileType = wrapper.application;
			path = finish_installation.app;
			remoteRef = CB6594AE184BFEDD0083F676 /* PBXContainerItemProxy */;
			sourceTree = BUILT_PRODUCTS_DIR;
		};
/* End PBXReferenceProxy section */

/* Begin PBXResourcesBuildPhase section */
		CB659462184BFE480083F676 /* Resources */ = {
			isa = PBXResourcesBuildPhase;
			buildActionMask = 2147483647;
			files = (
				CB659472184BFE480083F676 /* InfoPlist.strings in Resources */,
				CB6594E2184C02E40083F676 /* Credits.html in Resources */,
				CB6594EE184C03080083F676 /* Coruscation Help in Resources */,
				CB659483184BFE480083F676 /* Images.xcassets in Resources */,
				CB65947E184BFE480083F676 /* MainMenu.xib in Resources */,
			);
			runOnlyForDeploymentPostprocessing = 0;
		};
/* End PBXResourcesBuildPhase section */

/* Begin PBXShellScriptBuildPhase section */
		CBE712CD184C230000B2E8D9 /* Codesign Frameworks */ = {
			isa = PBXShellScriptBuildPhase;
			buildActionMask = 2147483647;
			files = (
			);
			inputPaths = (
			);
			name = "Codesign Frameworks";
			outputPaths = (
			);
			runOnlyForDeploymentPostprocessing = 0;
			shellPath = /bin/sh;
			shellScript = "LOCATION=\"${BUILT_PRODUCTS_DIR}\"/\"${FRAMEWORKS_FOLDER_PATH}\"\nIDENTITY=\"Developer ID Application: Karl Moskowski\"\ncodesign --verbose --force --sign \"$IDENTITY\" \"$LOCATION/Sparkle.framework/Versions/A\"\n";
		};
/* End PBXShellScriptBuildPhase section */

/* Begin PBXSourcesBuildPhase section */
		CB659460184BFE480083F676 /* Sources */ = {
			isa = PBXSourcesBuildPhase;
			buildActionMask = 2147483647;
			files = (
				CB6594D2184C022B0083F676 /* RolloverButton.m in Sources */,
				CB6594D3184C022B0083F676 /* UpdateCountTransformer.m in Sources */,
				CB6594BA184BFF7C0083F676 /* SparkleBundle.m in Sources */,
				CB6594CC184C022B0083F676 /* CheckAppUpdateOperation.m in Sources */,
				CB659474184BFE480083F676 /* main.m in Sources */,
				CB6594D0184C022B0083F676 /* NSFileManager+CoruscationAdditions.m in Sources */,
				CB6594CD184C022B0083F676 /* CoruscationCollectionView.m in Sources */,
				CB6594CF184C022B0083F676 /* FindSparkleBundlesOperation.m in Sources */,
				CB6594B9184BFF7C0083F676 /* _SparkleBundle.m in Sources */,
				CB7C3804184C0E2E007E703A /* Coruscation.xcdatamodeld in Sources */,
				CB65947B184BFE480083F676 /* CoruscationDelegate.m in Sources */,
			);
			runOnlyForDeploymentPostprocessing = 0;
		};
/* End PBXSourcesBuildPhase section */

/* Begin PBXTargetDependency section */
		CB6D634F184C0A7000283027 /* PBXTargetDependency */ = {
			isa = PBXTargetDependency;
			name = Sparkle;
			targetProxy = CB6D634E184C0A7000283027 /* PBXContainerItemProxy */;
		};
/* End PBXTargetDependency section */

/* Begin PBXVariantGroup section */
		CB659470184BFE480083F676 /* InfoPlist.strings */ = {
			isa = PBXVariantGroup;
			children = (
				CB659471184BFE480083F676 /* en */,
			);
			name = InfoPlist.strings;
			sourceTree = "<group>";
		};
		CB65947C184BFE480083F676 /* MainMenu.xib */ = {
			isa = PBXVariantGroup;
			children = (
				CB65947D184BFE480083F676 /* Base */,
			);
			name = MainMenu.xib;
			sourceTree = "<group>";
		};
/* End PBXVariantGroup section */

/* Begin XCBuildConfiguration section */
		CB659496184BFE480083F676 /* Debug */ = {
			isa = XCBuildConfiguration;
			buildSettings = {
				ALWAYS_SEARCH_USER_PATHS = NO;
				CLANG_CXX_LANGUAGE_STANDARD = "gnu++0x";
				CLANG_CXX_LIBRARY = "libc++";
				CLANG_ENABLE_MODULES = YES;
				CLANG_ENABLE_OBJC_ARC = YES;
				CLANG_WARN_BOOL_CONVERSION = YES;
				CLANG_WARN_CONSTANT_CONVERSION = YES;
				CLANG_WARN_DIRECT_OBJC_ISA_USAGE = YES_ERROR;
				CLANG_WARN_EMPTY_BODY = YES;
				CLANG_WARN_ENUM_CONVERSION = YES;
				CLANG_WARN_INT_CONVERSION = YES;
				CLANG_WARN_OBJC_ROOT_CLASS = YES_ERROR;
				CLANG_WARN__DUPLICATE_METHOD_MATCH = YES;
				COPY_PHASE_STRIP = NO;
				CURRENT_PROJECT_VERSION = 26;
				GCC_C_LANGUAGE_STANDARD = gnu99;
				GCC_DYNAMIC_NO_PIC = NO;
				GCC_ENABLE_OBJC_EXCEPTIONS = YES;
				GCC_OPTIMIZATION_LEVEL = 0;
				GCC_PREPROCESSOR_DEFINITIONS = (
					"DEBUG=1",
					"$(inherited)",
				);
				GCC_SYMBOLS_PRIVATE_EXTERN = NO;
				GCC_WARN_64_TO_32_BIT_CONVERSION = YES;
				GCC_WARN_ABOUT_RETURN_TYPE = YES_ERROR;
				GCC_WARN_UNINITIALIZED_AUTOS = YES;
				GCC_WARN_UNUSED_FUNCTION = YES;
				GCC_WARN_UNUSED_VARIABLE = YES;
				MACOSX_DEPLOYMENT_TARGET = 10.9;
				ONLY_ACTIVE_ARCH = YES;
				SDKROOT = macosx;
				VERSIONING_SYSTEM = "apple-generic";
			};
			name = Debug;
		};
		CB659497184BFE480083F676 /* Release */ = {
			isa = XCBuildConfiguration;
			buildSettings = {
				ALWAYS_SEARCH_USER_PATHS = NO;
				CLANG_CXX_LANGUAGE_STANDARD = "gnu++0x";
				CLANG_CXX_LIBRARY = "libc++";
				CLANG_ENABLE_MODULES = YES;
				CLANG_ENABLE_OBJC_ARC = YES;
				CLANG_WARN_BOOL_CONVERSION = YES;
				CLANG_WARN_CONSTANT_CONVERSION = YES;
				CLANG_WARN_DIRECT_OBJC_ISA_USAGE = YES_ERROR;
				CLANG_WARN_EMPTY_BODY = YES;
				CLANG_WARN_ENUM_CONVERSION = YES;
				CLANG_WARN_INT_CONVERSION = YES;
				CLANG_WARN_OBJC_ROOT_CLASS = YES_ERROR;
				CLANG_WARN__DUPLICATE_METHOD_MATCH = YES;
				COPY_PHASE_STRIP = YES;
				CURRENT_PROJECT_VERSION = 26;
				DEBUG_INFORMATION_FORMAT = "dwarf-with-dsym";
				ENABLE_NS_ASSERTIONS = NO;
				GCC_C_LANGUAGE_STANDARD = gnu99;
				GCC_ENABLE_OBJC_EXCEPTIONS = YES;
				GCC_WARN_64_TO_32_BIT_CONVERSION = YES;
				GCC_WARN_ABOUT_RETURN_TYPE = YES_ERROR;
				GCC_WARN_UNINITIALIZED_AUTOS = YES;
				GCC_WARN_UNUSED_FUNCTION = YES;
				GCC_WARN_UNUSED_VARIABLE = YES;
				MACOSX_DEPLOYMENT_TARGET = 10.9;
				SDKROOT = macosx;
				VERSIONING_SYSTEM = "apple-generic";
			};
			name = Release;
		};
		CB659499184BFE480083F676 /* Debug */ = {
			isa = XCBuildConfiguration;
			buildSettings = {
				ASSETCATALOG_COMPILER_APPICON_NAME = AppIcon;
				CLANG_ENABLE_OBJC_ARC = YES;
				CODE_SIGN_IDENTITY = "Developer ID Application";
				COMBINE_HIDPI_IMAGES = YES;
				GCC_PRECOMPILE_PREFIX_HEADER = YES;
				GCC_PREFIX_HEADER = "Coruscation/Coruscation-Prefix.pch";
				INFOPLIST_FILE = "Coruscation/Coruscation-Info.plist";
				MACOSX_DEPLOYMENT_TARGET = 10.8;
				PRODUCT_NAME = "$(TARGET_NAME)";
				WRAPPER_EXTENSION = app;
			};
			name = Debug;
		};
		CB65949A184BFE480083F676 /* Release */ = {
			isa = XCBuildConfiguration;
			buildSettings = {
				ASSETCATALOG_COMPILER_APPICON_NAME = AppIcon;
				CLANG_ENABLE_OBJC_ARC = YES;
				CODE_SIGN_IDENTITY = "Developer ID Application";
				COMBINE_HIDPI_IMAGES = YES;
				GCC_PRECOMPILE_PREFIX_HEADER = YES;
				GCC_PREFIX_HEADER = "Coruscation/Coruscation-Prefix.pch";
				INFOPLIST_FILE = "Coruscation/Coruscation-Info.plist";
				MACOSX_DEPLOYMENT_TARGET = 10.8;
				PRODUCT_NAME = "$(TARGET_NAME)";
				WRAPPER_EXTENSION = app;
			};
			name = Release;
		};
/* End XCBuildConfiguration section */

/* Begin XCConfigurationList section */
		CB65945F184BFE480083F676 /* Build configuration list for PBXProject "Coruscation" */ = {
			isa = XCConfigurationList;
			buildConfigurations = (
				CB659496184BFE480083F676 /* Debug */,
				CB659497184BFE480083F676 /* Release */,
			);
			defaultConfigurationIsVisible = 0;
			defaultConfigurationName = Release;
		};
		CB659498184BFE480083F676 /* Build configuration list for PBXNativeTarget "Coruscation" */ = {
			isa = XCConfigurationList;
			buildConfigurations = (
				CB659499184BFE480083F676 /* Debug */,
				CB65949A184BFE480083F676 /* Release */,
			);
			defaultConfigurationIsVisible = 0;
			defaultConfigurationName = Release;
		};
/* End XCConfigurationList section */

/* Begin XCVersionGroup section */
		CB7C3802184C0E2E007E703A /* Coruscation.xcdatamodeld */ = {
			isa = XCVersionGroup;
			children = (
				CB7C3803184C0E2E007E703A /* Coruscation.xcdatamodel */,
			);
			currentVersion = CB7C3803184C0E2E007E703A /* Coruscation.xcdatamodel */;
			path = Coruscation.xcdatamodeld;
			sourceTree = "<group>";
			versionGroupType = wrapper.xcdatamodel;
		};
/* End XCVersionGroup section */
	};
	rootObject = CB65945C184BFE480083F676 /* Project object */;
}
