// !$*UTF8*$!
{
	archiveVersion = 1;
	classes = {
	};
	objectVersion = 46;
	objects = {

/* Begin PBXBuildFile section */
		2F7446990DB6B7EA00F9684A /* Coruscation-MainMenu.xib in Resources */ = {isa = PBXBuildFile; fileRef = 2F7446970DB6B7EA00F9684A /* Coruscation-MainMenu.xib */; };
		770B37ED0679A11B001EADE2 /* Coruscation_DataModel.xcdatamodel in Sources */ = {isa = PBXBuildFile; fileRef = 770B37EC0679A11B001EADE2 /* Coruscation_DataModel.xcdatamodel */; };
		77C8280E06725ACE000B614F /* CoruscationDelegate.m in Sources */ = {isa = PBXBuildFile; fileRef = 77C8280C06725ACE000B614F /* CoruscationDelegate.m */; };
		8D11072B0486CEB800E47090 /* InfoPlist.strings in Resources */ = {isa = PBXBuildFile; fileRef = 089C165CFE840E0CC02AAC07 /* InfoPlist.strings */; };
		8D11072D0486CEB800E47090 /* main.m in Sources */ = {isa = PBXBuildFile; fileRef = 29B97316FDCFA39411CA2CEA /* main.m */; settings = {ATTRIBUTES = (); }; };
		8D11072F0486CEB800E47090 /* Cocoa.framework in Frameworks */ = {isa = PBXBuildFile; fileRef = 1058C7A1FEA54F0111CA2CBB /* Cocoa.framework */; };
		CB05D5FD10D1898C00AECB32 /* CoruscationAgentAppDelegate.m in Sources */ = {isa = PBXBuildFile; fileRef = CB05D5FA10D1898C00AECB32 /* CoruscationAgentAppDelegate.m */; };
		CB05D5FE10D1898C00AECB32 /* CoruscationAgentMain.m in Sources */ = {isa = PBXBuildFile; fileRef = CB05D5FB10D1898C00AECB32 /* CoruscationAgentMain.m */; };
		CB05D5FF10D1898C00AECB32 /* CoruscationAgentMainMenu.xib in Resources */ = {isa = PBXBuildFile; fileRef = CB05D5FC10D1898C00AECB32 /* CoruscationAgentMainMenu.xib */; };
		CB05D62110D18A2F00AECB32 /* FindSparkleAppsOperation.m in Sources */ = {isa = PBXBuildFile; fileRef = CB7094B9108B951A0008D104 /* FindSparkleAppsOperation.m */; };
		CB05D62210D18A3100AECB32 /* CheckAppUpdateOperation.m in Sources */ = {isa = PBXBuildFile; fileRef = CBB7FC57108D2575003E062A /* CheckAppUpdateOperation.m */; };
		CB05D62810D18A7600AECB32 /* Sparkle.framework in Frameworks */ = {isa = PBXBuildFile; fileRef = CB7094C9108B95DE0008D104 /* Sparkle.framework */; };
		CB05D62910D18A7B00AECB32 /* Sparkle.framework in Copy Frameworks */ = {isa = PBXBuildFile; fileRef = CB7094C9108B95DE0008D104 /* Sparkle.framework */; };
		CB23E88E1088FA23001C5740 /* Sparkle.icns in Resources */ = {isa = PBXBuildFile; fileRef = CB23E88D1088FA23001C5740 /* Sparkle.icns */; };
		CB32A9751088CA7300343471 /* SparkleBundle.m in Sources */ = {isa = PBXBuildFile; fileRef = CB32A9741088CA7300343471 /* SparkleBundle.m */; };
		CB34956210DBC795001E7640 /* ServiceManagement.framework in Frameworks */ = {isa = PBXBuildFile; fileRef = CB34956110DBC795001E7640 /* ServiceManagement.framework */; };
		CB5F37B310C8A128008FB459 /* UpdateCountTransformer.m in Sources */ = {isa = PBXBuildFile; fileRef = CB5F37B210C8A128008FB459 /* UpdateCountTransformer.m */; };
		CB7094BA108B951A0008D104 /* FindSparkleAppsOperation.m in Sources */ = {isa = PBXBuildFile; fileRef = CB7094B9108B951A0008D104 /* FindSparkleAppsOperation.m */; };
		CB709522108B98190008D104 /* Sparkle.framework in Frameworks */ = {isa = PBXBuildFile; fileRef = CB7094C9108B95DE0008D104 /* Sparkle.framework */; };
		CBA648A3108EB12A00667F15 /* Sparkle.framework in Copy Frameworks */ = {isa = PBXBuildFile; fileRef = CB7094C9108B95DE0008D104 /* Sparkle.framework */; };
		CBA648D6108EB22000667F15 /* Credits.html in Resources */ = {isa = PBXBuildFile; fileRef = CBA648D5108EB22000667F15 /* Credits.html */; };
		CBB611FF10D1C4FD003BC3D3 /* Preferences.xib in Resources */ = {isa = PBXBuildFile; fileRef = CBB611FD10D1C4FD003BC3D3 /* Preferences.xib */; };
		CBB6122010D1C622003BC3D3 /* PreferencesController.m in Sources */ = {isa = PBXBuildFile; fileRef = CBB611EC10D1C484003BC3D3 /* PreferencesController.m */; };
		CBB7E3AC10C49C4500094536 /* RevealTemplate.pdf in Resources */ = {isa = PBXBuildFile; fileRef = CBB7E3AB10C49C4500094536 /* RevealTemplate.pdf */; };
		CBB7E44A10C4A2C100094536 /* Coruscation Help in Resources */ = {isa = PBXBuildFile; fileRef = CBB7E44910C4A2C100094536 /* Coruscation Help */; };
		CBB7FC58108D2575003E062A /* CheckAppUpdateOperation.m in Sources */ = {isa = PBXBuildFile; fileRef = CBB7FC57108D2575003E062A /* CheckAppUpdateOperation.m */; };
		CBCA61FE10D1A07D003D9E3F /* CoruscationAgent.app in Copy Executables */ = {isa = PBXBuildFile; fileRef = CB05D5E410D1892A00AECB32 /* CoruscationAgent.app */; };
		CBF233B8108D629600D2A5FF /* CollectionItemView.m in Sources */ = {isa = PBXBuildFile; fileRef = CBF233B7108D629600D2A5FF /* CollectionItemView.m */; };
		CBF3A61910C9784A004EDC7F /* License.txt in Resources */ = {isa = PBXBuildFile; fileRef = CBA28A2710C9751F005BCEC1 /* License.txt */; };
/* End PBXBuildFile section */

/* Begin PBXContainerItemProxy section */
		CB05D61410D189F200AECB32 /* PBXContainerItemProxy */ = {
			isa = PBXContainerItemProxy;
			containerPortal = CB7094C1108B95DE0008D104 /* Sparkle.xcodeproj */;
			proxyType = 1;
			remoteGlobalIDString = 8DC2EF4F0486A6940098B216;
			remoteInfo = Sparkle;
		};
		CB7094C8108B95DE0008D104 /* PBXContainerItemProxy */ = {
			isa = PBXContainerItemProxy;
			containerPortal = CB7094C1108B95DE0008D104 /* Sparkle.xcodeproj */;
			proxyType = 2;
			remoteGlobalIDString = 8DC2EF5B0486A6940098B216;
			remoteInfo = Sparkle;
		};
		CB7094CA108B95DE0008D104 /* PBXContainerItemProxy */ = {
			isa = PBXContainerItemProxy;
			containerPortal = CB7094C1108B95DE0008D104 /* Sparkle.xcodeproj */;
			proxyType = 2;
			remoteGlobalIDString = 61B5F90209C4CEE200B25A18;
			remoteInfo = "Sparkle Test App";
		};
		CB7094CC108B95DE0008D104 /* PBXContainerItemProxy */ = {
			isa = PBXContainerItemProxy;
			containerPortal = CB7094C1108B95DE0008D104 /* Sparkle.xcodeproj */;
			proxyType = 2;
			remoteGlobalIDString = DAAEFC960DA571DF0051E0D0;
			remoteInfo = "relaunch tool";
		};
		CB7094CE108B95DE0008D104 /* PBXContainerItemProxy */ = {
			isa = PBXContainerItemProxy;
			containerPortal = CB7094C1108B95DE0008D104 /* Sparkle.xcodeproj */;
			proxyType = 2;
			remoteGlobalIDString = 612279D90DB5470200AB99EA;
			remoteInfo = "Sparkle Unit Tests";
		};
		CB7094D0108B95E80008D104 /* PBXContainerItemProxy */ = {
			isa = PBXContainerItemProxy;
			containerPortal = CB7094C1108B95DE0008D104 /* Sparkle.xcodeproj */;
			proxyType = 1;
			remoteGlobalIDString = 8DC2EF4F0486A6940098B216;
			remoteInfo = Sparkle;
		};
		CBCA61F910D1A02F003D9E3F /* PBXContainerItemProxy */ = {
			isa = PBXContainerItemProxy;
			containerPortal = 29B97313FDCFA39411CA2CEA /* Project object */;
			proxyType = 1;
			remoteGlobalIDString = CB05D5E310D1892A00AECB32;
			remoteInfo = CoruscationAgent;
		};
/* End PBXContainerItemProxy section */

/* Begin PBXCopyFilesBuildPhase section */
		CB05D62010D18A1400AECB32 /* Copy Frameworks */ = {
			isa = PBXCopyFilesBuildPhase;
			buildActionMask = 2147483647;
			dstPath = "";
			dstSubfolderSpec = 10;
			files = (
				CB05D62910D18A7B00AECB32 /* Sparkle.framework in Copy Frameworks */,
			);
			name = "Copy Frameworks";
			runOnlyForDeploymentPostprocessing = 0;
		};
		CB7094DE108B96110008D104 /* Copy Frameworks */ = {
			isa = PBXCopyFilesBuildPhase;
			buildActionMask = 2147483647;
			dstPath = "";
			dstSubfolderSpec = 10;
			files = (
				CBA648A3108EB12A00667F15 /* Sparkle.framework in Copy Frameworks */,
			);
			name = "Copy Frameworks";
			runOnlyForDeploymentPostprocessing = 0;
		};
		CBCA61FD10D1A05B003D9E3F /* Copy Executables */ = {
			isa = PBXCopyFilesBuildPhase;
			buildActionMask = 2147483647;
			dstPath = "";
			dstSubfolderSpec = 6;
			files = (
				CBCA61FE10D1A07D003D9E3F /* CoruscationAgent.app in Copy Executables */,
			);
			name = "Copy Executables";
			runOnlyForDeploymentPostprocessing = 0;
		};
/* End PBXCopyFilesBuildPhase section */

/* Begin PBXFileReference section */
		089C165DFE840E0CC02AAC07 /* English */ = {isa = PBXFileReference; fileEncoding = 10; lastKnownFileType = text.plist.strings; name = English; path = English.lproj/InfoPlist.strings; sourceTree = "<group>"; };
		1058C7A1FEA54F0111CA2CBB /* Cocoa.framework */ = {isa = PBXFileReference; lastKnownFileType = wrapper.framework; name = Cocoa.framework; path = /System/Library/Frameworks/Cocoa.framework; sourceTree = "<absolute>"; };
		29B97316FDCFA39411CA2CEA /* main.m */ = {isa = PBXFileReference; fileEncoding = 4; lastKnownFileType = sourcecode.c.objc; path = main.m; sourceTree = "<group>"; };
		2F7446980DB6B7EA00F9684A /* English */ = {isa = PBXFileReference; lastKnownFileType = file.xib; name = English; path = "English.lproj/Coruscation-MainMenu.xib"; sourceTree = "<group>"; };
		32CA4F630368D1EE00C91783 /* Coruscation_Prefix.pch */ = {isa = PBXFileReference; fileEncoding = 4; lastKnownFileType = sourcecode.c.h; path = Coruscation_Prefix.pch; sourceTree = "<group>"; };
		770B37EC0679A11B001EADE2 /* Coruscation_DataModel.xcdatamodel */ = {isa = PBXFileReference; fileEncoding = 4; lastKnownFileType = wrapper.xcdatamodel; path = Coruscation_DataModel.xcdatamodel; sourceTree = "<group>"; };
		77C8280B06725ACE000B614F /* CoruscationDelegate.h */ = {isa = PBXFileReference; fileEncoding = 4; lastKnownFileType = sourcecode.c.h; path = CoruscationDelegate.h; sourceTree = "<group>"; };
		77C8280C06725ACE000B614F /* CoruscationDelegate.m */ = {isa = PBXFileReference; fileEncoding = 4; lastKnownFileType = sourcecode.c.objc; path = CoruscationDelegate.m; sourceTree = "<group>"; };
		8D1107310486CEB800E47090 /* Coruscation-Info.plist */ = {isa = PBXFileReference; explicitFileType = text.plist.xml; fileEncoding = 4; path = "Coruscation-Info.plist"; sourceTree = "<group>"; };
		8D1107320486CEB800E47090 /* Coruscation.app */ = {isa = PBXFileReference; explicitFileType = wrapper.application; includeInIndex = 0; path = Coruscation.app; sourceTree = BUILT_PRODUCTS_DIR; };
		CB05D5E410D1892A00AECB32 /* CoruscationAgent.app */ = {isa = PBXFileReference; explicitFileType = wrapper.application; includeInIndex = 0; path = CoruscationAgent.app; sourceTree = BUILT_PRODUCTS_DIR; };
		CB05D5E610D1892A00AECB32 /* CoruscationAgent-Info.plist */ = {isa = PBXFileReference; lastKnownFileType = text.plist.xml; path = "CoruscationAgent-Info.plist"; sourceTree = "<group>"; };
		CB05D5F810D1897600AECB32 /* CoruscationAgent_Prefix.pch */ = {isa = PBXFileReference; lastKnownFileType = sourcecode.c.h; path = CoruscationAgent_Prefix.pch; sourceTree = "<group>"; };
		CB05D5F910D1898C00AECB32 /* CoruscationAgentAppDelegate.h */ = {isa = PBXFileReference; fileEncoding = 4; lastKnownFileType = sourcecode.c.h; path = CoruscationAgentAppDelegate.h; sourceTree = "<group>"; };
		CB05D5FA10D1898C00AECB32 /* CoruscationAgentAppDelegate.m */ = {isa = PBXFileReference; fileEncoding = 4; lastKnownFileType = sourcecode.c.objc; path = CoruscationAgentAppDelegate.m; sourceTree = "<group>"; };
		CB05D5FB10D1898C00AECB32 /* CoruscationAgentMain.m */ = {isa = PBXFileReference; fileEncoding = 4; lastKnownFileType = sourcecode.c.objc; path = CoruscationAgentMain.m; sourceTree = "<group>"; };
		CB05D5FC10D1898C00AECB32 /* CoruscationAgentMainMenu.xib */ = {isa = PBXFileReference; lastKnownFileType = file.xib; path = CoruscationAgentMainMenu.xib; sourceTree = "<group>"; };
		CB23E88D1088FA23001C5740 /* Sparkle.icns */ = {isa = PBXFileReference; lastKnownFileType = image.icns; path = Sparkle.icns; sourceTree = "<group>"; };
		CB32A9731088CA7300343471 /* SparkleBundle.h */ = {isa = PBXFileReference; fileEncoding = 4; lastKnownFileType = sourcecode.c.h; path = SparkleBundle.h; sourceTree = "<group>"; };
		CB32A9741088CA7300343471 /* SparkleBundle.m */ = {isa = PBXFileReference; fileEncoding = 4; lastKnownFileType = sourcecode.c.objc; path = SparkleBundle.m; sourceTree = "<group>"; };
		CB34956110DBC795001E7640 /* ServiceManagement.framework */ = {isa = PBXFileReference; lastKnownFileType = wrapper.framework; name = ServiceManagement.framework; path = System/Library/Frameworks/ServiceManagement.framework; sourceTree = SDKROOT; };
		CB53B270108FBE78004EAFF2 /* Read Me.txt */ = {isa = PBXFileReference; fileEncoding = 4; lastKnownFileType = text; path = "Read Me.txt"; sourceTree = "<group>"; };
		CB5F37B110C8A128008FB459 /* UpdateCountTransformer.h */ = {isa = PBXFileReference; fileEncoding = 4; lastKnownFileType = sourcecode.c.h; path = UpdateCountTransformer.h; sourceTree = "<group>"; };
		CB5F37B210C8A128008FB459 /* UpdateCountTransformer.m */ = {isa = PBXFileReference; fileEncoding = 4; lastKnownFileType = sourcecode.c.objc; path = UpdateCountTransformer.m; sourceTree = "<group>"; };
		CB7094B8108B951A0008D104 /* FindSparkleAppsOperation.h */ = {isa = PBXFileReference; fileEncoding = 4; lastKnownFileType = sourcecode.c.h; path = FindSparkleAppsOperation.h; sourceTree = "<group>"; };
		CB7094B9108B951A0008D104 /* FindSparkleAppsOperation.m */ = {isa = PBXFileReference; fileEncoding = 4; lastKnownFileType = sourcecode.c.objc; path = FindSparkleAppsOperation.m; sourceTree = "<group>"; };
		CB7094C1108B95DE0008D104 /* Sparkle.xcodeproj */ = {isa = PBXFileReference; lastKnownFileType = "wrapper.pb-project"; name = Sparkle.xcodeproj; path = ../Sparkle/Sparkle.xcodeproj; sourceTree = SOURCE_ROOT; };
		CBA28A2710C9751F005BCEC1 /* License.txt */ = {isa = PBXFileReference; fileEncoding = 4; lastKnownFileType = text; path = License.txt; sourceTree = "<group>"; };
		CBA648D5108EB22000667F15 /* Credits.html */ = {isa = PBXFileReference; fileEncoding = 4; lastKnownFileType = text.html; path = Credits.html; sourceTree = "<group>"; };
		CBB611EB10D1C484003BC3D3 /* PreferencesController.h */ = {isa = PBXFileReference; fileEncoding = 4; lastKnownFileType = sourcecode.c.h; path = PreferencesController.h; sourceTree = "<group>"; };
		CBB611EC10D1C484003BC3D3 /* PreferencesController.m */ = {isa = PBXFileReference; fileEncoding = 4; lastKnownFileType = sourcecode.c.objc; path = PreferencesController.m; sourceTree = "<group>"; };
		CBB611FE10D1C4FD003BC3D3 /* English */ = {isa = PBXFileReference; lastKnownFileType = file.xib; name = English; path = English.lproj/Preferences.xib; sourceTree = "<group>"; };
		CBB7E3AB10C49C4500094536 /* RevealTemplate.pdf */ = {isa = PBXFileReference; lastKnownFileType = image.pdf; path = RevealTemplate.pdf; sourceTree = "<group>"; };
		CBB7E42D10C4A21C00094536 /* English */ = {isa = PBXFileReference; lastKnownFileType = folder; name = English; path = "English.lproj/Coruscation Help"; sourceTree = "<group>"; };
		CBB7FC56108D2575003E062A /* CheckAppUpdateOperation.h */ = {isa = PBXFileReference; fileEncoding = 4; lastKnownFileType = sourcecode.c.h; path = CheckAppUpdateOperation.h; sourceTree = "<group>"; };
		CBB7FC57108D2575003E062A /* CheckAppUpdateOperation.m */ = {isa = PBXFileReference; fileEncoding = 4; lastKnownFileType = sourcecode.c.objc; path = CheckAppUpdateOperation.m; sourceTree = "<group>"; };
		CBF233B6108D629600D2A5FF /* CollectionItemView.h */ = {isa = PBXFileReference; fileEncoding = 4; lastKnownFileType = sourcecode.c.h; path = CollectionItemView.h; sourceTree = "<group>"; };
		CBF233B7108D629600D2A5FF /* CollectionItemView.m */ = {isa = PBXFileReference; fileEncoding = 4; lastKnownFileType = sourcecode.c.objc; path = CollectionItemView.m; sourceTree = "<group>"; };
		CBFE71AB10C17BE5007DF3BB /* appcast.xml */ = {isa = PBXFileReference; fileEncoding = 4; lastKnownFileType = text.xml; path = appcast.xml; sourceTree = "<group>"; };
		CBFE71AC10C17BE5007DF3BB /* relnotes.html */ = {isa = PBXFileReference; explicitFileType = text.html; fileEncoding = 4; path = relnotes.html; sourceTree = "<group>"; };
/* End PBXFileReference section */

/* Begin PBXFrameworksBuildPhase section */
		8D11072E0486CEB800E47090 /* Frameworks */ = {
			isa = PBXFrameworksBuildPhase;
			buildActionMask = 2147483647;
			files = (
				8D11072F0486CEB800E47090 /* Cocoa.framework in Frameworks */,
				CB709522108B98190008D104 /* Sparkle.framework in Frameworks */,
				CB34956210DBC795001E7640 /* ServiceManagement.framework in Frameworks */,
			);
			runOnlyForDeploymentPostprocessing = 0;
		};
		CB05D5E210D1892A00AECB32 /* Frameworks */ = {
			isa = PBXFrameworksBuildPhase;
			buildActionMask = 2147483647;
			files = (
				CB05D62810D18A7600AECB32 /* Sparkle.framework in Frameworks */,
			);
			runOnlyForDeploymentPostprocessing = 0;
		};
/* End PBXFrameworksBuildPhase section */

/* Begin PBXGroup section */
		080E96DDFE201D6D7F000001 /* Classes */ = {
			isa = PBXGroup;
			children = (
				77C8280B06725ACE000B614F /* CoruscationDelegate.h */,
				77C8280C06725ACE000B614F /* CoruscationDelegate.m */,
				CB7094B8108B951A0008D104 /* FindSparkleAppsOperation.h */,
				CB7094B9108B951A0008D104 /* FindSparkleAppsOperation.m */,
				CBB7FC56108D2575003E062A /* CheckAppUpdateOperation.h */,
				CBB7FC57108D2575003E062A /* CheckAppUpdateOperation.m */,
				CBF233B6108D629600D2A5FF /* CollectionItemView.h */,
				CBF233B7108D629600D2A5FF /* CollectionItemView.m */,
				CB5F37B110C8A128008FB459 /* UpdateCountTransformer.h */,
				CB5F37B210C8A128008FB459 /* UpdateCountTransformer.m */,
				CBB611EB10D1C484003BC3D3 /* PreferencesController.h */,
				CBB611EC10D1C484003BC3D3 /* PreferencesController.m */,
			);
			name = Classes;
			sourceTree = "<group>";
		};
		19C28FACFE9D520D11CA2CBB /* Products */ = {
			isa = PBXGroup;
			children = (
				8D1107320486CEB800E47090 /* Coruscation.app */,
				CB05D5E410D1892A00AECB32 /* CoruscationAgent.app */,
			);
			name = Products;
			sourceTree = "<group>";
		};
		29B97314FDCFA39411CA2CEA /* Spark */ = {
			isa = PBXGroup;
			children = (
				CBA28A2710C9751F005BCEC1 /* License.txt */,
				CB53B270108FBE78004EAFF2 /* Read Me.txt */,
				CBFE71AC10C17BE5007DF3BB /* relnotes.html */,
				CBFE71AB10C17BE5007DF3BB /* appcast.xml */,
				CB05DB9A10D18E0F00AECB32 /* Coruscation */,
				CB05D60010D1899300AECB32 /* CoruscationAgent */,
				29B97323FDCFA39411CA2CEA /* Frameworks */,
				19C28FACFE9D520D11CA2CBB /* Products */,
			);
			name = Spark;
			sourceTree = "<group>";
		};
		29B97315FDCFA39411CA2CEA /* Other Sources */ = {
			isa = PBXGroup;
			children = (
				32CA4F630368D1EE00C91783 /* Coruscation_Prefix.pch */,
				29B97316FDCFA39411CA2CEA /* main.m */,
			);
			name = "Other Sources";
			sourceTree = "<group>";
		};
		29B97317FDCFA39411CA2CEA /* Resources */ = {
			isa = PBXGroup;
			children = (
				8D1107310486CEB800E47090 /* Coruscation-Info.plist */,
				2F7446970DB6B7EA00F9684A /* Coruscation-MainMenu.xib */,
				CBB611FD10D1C4FD003BC3D3 /* Preferences.xib */,
				CBA648D5108EB22000667F15 /* Credits.html */,
				089C165CFE840E0CC02AAC07 /* InfoPlist.strings */,
				CB23E88D1088FA23001C5740 /* Sparkle.icns */,
				CBB7E3AB10C49C4500094536 /* RevealTemplate.pdf */,
				CBB7E44910C4A2C100094536 /* Coruscation Help */,
			);
			name = Resources;
			sourceTree = "<group>";
		};
		29B97323FDCFA39411CA2CEA /* Frameworks */ = {
			isa = PBXGroup;
			children = (
				1058C7A1FEA54F0111CA2CBB /* Cocoa.framework */,
				CB34956110DBC795001E7640 /* ServiceManagement.framework */,
				CB7094C1108B95DE0008D104 /* Sparkle.xcodeproj */,
			);
			name = Frameworks;
			sourceTree = "<group>";
		};
		7756732906782D8800D1FEB8 /* Models */ = {
			isa = PBXGroup;
			children = (
				770B37EC0679A11B001EADE2 /* Coruscation_DataModel.xcdatamodel */,
				CB32A9731088CA7300343471 /* SparkleBundle.h */,
				CB32A9741088CA7300343471 /* SparkleBundle.m */,
			);
			name = Models;
			sourceTree = "<group>";
		};
		CB05D60010D1899300AECB32 /* CoruscationAgent */ = {
			isa = PBXGroup;
			children = (
				CB05DB9B10D18E3700AECB32 /* Classes */,
				CB05DB9D10D18E4400AECB32 /* Other Sources */,
				CB05DB9C10D18E3C00AECB32 /* Resources */,
			);
			name = CoruscationAgent;
			sourceTree = "<group>";
		};
		CB05DB9A10D18E0F00AECB32 /* Coruscation */ = {
			isa = PBXGroup;
			children = (
				7756732906782D8800D1FEB8 /* Models */,
				080E96DDFE201D6D7F000001 /* Classes */,
				29B97315FDCFA39411CA2CEA /* Other Sources */,
				29B97317FDCFA39411CA2CEA /* Resources */,
			);
			name = Coruscation;
			sourceTree = "<group>";
		};
		CB05DB9B10D18E3700AECB32 /* Classes */ = {
			isa = PBXGroup;
			children = (
				CB05D5F910D1898C00AECB32 /* CoruscationAgentAppDelegate.h */,
				CB05D5FA10D1898C00AECB32 /* CoruscationAgentAppDelegate.m */,
			);
			name = Classes;
			sourceTree = "<group>";
		};
		CB05DB9C10D18E3C00AECB32 /* Resources */ = {
			isa = PBXGroup;
			children = (
				CB05D5FC10D1898C00AECB32 /* CoruscationAgentMainMenu.xib */,
				CB05D5E610D1892A00AECB32 /* CoruscationAgent-Info.plist */,
			);
			name = Resources;
			sourceTree = "<group>";
		};
		CB05DB9D10D18E4400AECB32 /* Other Sources */ = {
			isa = PBXGroup;
			children = (
				CB05D5F810D1897600AECB32 /* CoruscationAgent_Prefix.pch */,
				CB05D5FB10D1898C00AECB32 /* CoruscationAgentMain.m */,
			);
			name = "Other Sources";
			sourceTree = "<group>";
		};
		CB7094C2108B95DE0008D104 /* Products */ = {
			isa = PBXGroup;
			children = (
				CB7094C9108B95DE0008D104 /* Sparkle.framework */,
				CB7094CB108B95DE0008D104 /* Sparkle Test App.app */,
				CB7094CD108B95DE0008D104 /* relaunch */,
				CB7094CF108B95DE0008D104 /* Sparkle Unit Tests.octest */,
			);
			name = Products;
			sourceTree = "<group>";
		};
/* End PBXGroup section */

/* Begin PBXNativeTarget section */
		8D1107260486CEB800E47090 /* Coruscation */ = {
			isa = PBXNativeTarget;
			buildConfigurationList = 26FC0A840875C7B200E6366F /* Build configuration list for PBXNativeTarget "Coruscation" */;
			buildPhases = (
				8D1107290486CEB800E47090 /* Resources */,
				8D11072C0486CEB800E47090 /* Sources */,
				8D11072E0486CEB800E47090 /* Frameworks */,
				CB7094DE108B96110008D104 /* Copy Frameworks */,
				CBCA61FD10D1A05B003D9E3F /* Copy Executables */,
			);
			buildRules = (
			);
			dependencies = (
				CB7094D1108B95E80008D104 /* PBXTargetDependency */,
				CBCA61FA10D1A02F003D9E3F /* PBXTargetDependency */,
			);
			name = Coruscation;
			productInstallPath = "$(HOME)/Applications";
			productName = Spark;
			productReference = 8D1107320486CEB800E47090 /* Coruscation.app */;
			productType = "com.apple.product-type.application";
		};
		CB05D5E310D1892A00AECB32 /* CoruscationAgent */ = {
			isa = PBXNativeTarget;
			buildConfigurationList = CB05D5E910D1892B00AECB32 /* Build configuration list for PBXNativeTarget "CoruscationAgent" */;
			buildPhases = (
				CB05D5E010D1892A00AECB32 /* Resources */,
				CB05D5E110D1892A00AECB32 /* Sources */,
				CB05D5E210D1892A00AECB32 /* Frameworks */,
				CB05D62010D18A1400AECB32 /* Copy Frameworks */,
			);
			buildRules = (
			);
			dependencies = (
				CB05D61510D189F200AECB32 /* PBXTargetDependency */,
			);
			name = CoruscationAgent;
			productName = CoruscationAgent;
			productReference = CB05D5E410D1892A00AECB32 /* CoruscationAgent.app */;
			productType = "com.apple.product-type.application";
		};
/* End PBXNativeTarget section */

/* Begin PBXProject section */
		29B97313FDCFA39411CA2CEA /* Project object */ = {
			isa = PBXProject;
			buildConfigurationList = 26FC0A880875C7B200E6366F /* Build configuration list for PBXProject "Coruscation" */;
			compatibilityVersion = "Xcode 3.2";
			hasScannedForEncodings = 1;
			mainGroup = 29B97314FDCFA39411CA2CEA /* Spark */;
			projectDirPath = "";
			projectReferences = (
				{
					ProductGroup = CB7094C2108B95DE0008D104 /* Products */;
					ProjectRef = CB7094C1108B95DE0008D104 /* Sparkle.xcodeproj */;
				},
			);
			projectRoot = "";
			targets = (
				8D1107260486CEB800E47090 /* Coruscation */,
				CB05D5E310D1892A00AECB32 /* CoruscationAgent */,
			);
		};
/* End PBXProject section */

/* Begin PBXReferenceProxy section */
		CB7094C9108B95DE0008D104 /* Sparkle.framework */ = {
			isa = PBXReferenceProxy;
			fileType = wrapper.framework;
			path = Sparkle.framework;
			remoteRef = CB7094C8108B95DE0008D104 /* PBXContainerItemProxy */;
			sourceTree = BUILT_PRODUCTS_DIR;
		};
		CB7094CB108B95DE0008D104 /* Sparkle Test App.app */ = {
			isa = PBXReferenceProxy;
			fileType = wrapper.application;
			path = "Sparkle Test App.app";
			remoteRef = CB7094CA108B95DE0008D104 /* PBXContainerItemProxy */;
			sourceTree = BUILT_PRODUCTS_DIR;
		};
		CB7094CD108B95DE0008D104 /* relaunch */ = {
			isa = PBXReferenceProxy;
			fileType = "compiled.mach-o.executable";
			path = relaunch;
			remoteRef = CB7094CC108B95DE0008D104 /* PBXContainerItemProxy */;
			sourceTree = BUILT_PRODUCTS_DIR;
		};
		CB7094CF108B95DE0008D104 /* Sparkle Unit Tests.octest */ = {
			isa = PBXReferenceProxy;
			fileType = wrapper.cfbundle;
			path = "Sparkle Unit Tests.octest";
			remoteRef = CB7094CE108B95DE0008D104 /* PBXContainerItemProxy */;
			sourceTree = BUILT_PRODUCTS_DIR;
		};
/* End PBXReferenceProxy section */

/* Begin PBXResourcesBuildPhase section */
		8D1107290486CEB800E47090 /* Resources */ = {
			isa = PBXResourcesBuildPhase;
			buildActionMask = 2147483647;
			files = (
				8D11072B0486CEB800E47090 /* InfoPlist.strings in Resources */,
				2F7446990DB6B7EA00F9684A /* Coruscation-MainMenu.xib in Resources */,
				CB23E88E1088FA23001C5740 /* Sparkle.icns in Resources */,
				CBA648D6108EB22000667F15 /* Credits.html in Resources */,
				CBB7E3AC10C49C4500094536 /* RevealTemplate.pdf in Resources */,
				CBB7E44A10C4A2C100094536 /* Coruscation Help in Resources */,
				CBF3A61910C9784A004EDC7F /* License.txt in Resources */,
				CBB611FF10D1C4FD003BC3D3 /* Preferences.xib in Resources */,
			);
			runOnlyForDeploymentPostprocessing = 0;
		};
		CB05D5E010D1892A00AECB32 /* Resources */ = {
			isa = PBXResourcesBuildPhase;
			buildActionMask = 2147483647;
			files = (
				CB05D5FF10D1898C00AECB32 /* CoruscationAgentMainMenu.xib in Resources */,
			);
			runOnlyForDeploymentPostprocessing = 0;
		};
/* End PBXResourcesBuildPhase section */

/* Begin PBXSourcesBuildPhase section */
		8D11072C0486CEB800E47090 /* Sources */ = {
			isa = PBXSourcesBuildPhase;
			buildActionMask = 2147483647;
			files = (
				8D11072D0486CEB800E47090 /* main.m in Sources */,
				77C8280E06725ACE000B614F /* CoruscationDelegate.m in Sources */,
				770B37ED0679A11B001EADE2 /* Coruscation_DataModel.xcdatamodel in Sources */,
				CB32A9751088CA7300343471 /* SparkleBundle.m in Sources */,
				CB7094BA108B951A0008D104 /* FindSparkleAppsOperation.m in Sources */,
				CBB7FC58108D2575003E062A /* CheckAppUpdateOperation.m in Sources */,
				CBF233B8108D629600D2A5FF /* CollectionItemView.m in Sources */,
				CB5F37B310C8A128008FB459 /* UpdateCountTransformer.m in Sources */,
				CBB6122010D1C622003BC3D3 /* PreferencesController.m in Sources */,
			);
			runOnlyForDeploymentPostprocessing = 0;
		};
		CB05D5E110D1892A00AECB32 /* Sources */ = {
			isa = PBXSourcesBuildPhase;
			buildActionMask = 2147483647;
			files = (
				CB05D5FD10D1898C00AECB32 /* CoruscationAgentAppDelegate.m in Sources */,
				CB05D5FE10D1898C00AECB32 /* CoruscationAgentMain.m in Sources */,
				CB05D62110D18A2F00AECB32 /* FindSparkleAppsOperation.m in Sources */,
				CB05D62210D18A3100AECB32 /* CheckAppUpdateOperation.m in Sources */,
			);
			runOnlyForDeploymentPostprocessing = 0;
		};
/* End PBXSourcesBuildPhase section */

/* Begin PBXTargetDependency section */
		CB05D61510D189F200AECB32 /* PBXTargetDependency */ = {
			isa = PBXTargetDependency;
			name = Sparkle;
			targetProxy = CB05D61410D189F200AECB32 /* PBXContainerItemProxy */;
		};
		CB7094D1108B95E80008D104 /* PBXTargetDependency */ = {
			isa = PBXTargetDependency;
			name = Sparkle;
			targetProxy = CB7094D0108B95E80008D104 /* PBXContainerItemProxy */;
		};
		CBCA61FA10D1A02F003D9E3F /* PBXTargetDependency */ = {
			isa = PBXTargetDependency;
			target = CB05D5E310D1892A00AECB32 /* CoruscationAgent */;
			targetProxy = CBCA61F910D1A02F003D9E3F /* PBXContainerItemProxy */;
		};
/* End PBXTargetDependency section */

/* Begin PBXVariantGroup section */
		089C165CFE840E0CC02AAC07 /* InfoPlist.strings */ = {
			isa = PBXVariantGroup;
			children = (
				089C165DFE840E0CC02AAC07 /* English */,
			);
			name = InfoPlist.strings;
			sourceTree = "<group>";
		};
		2F7446970DB6B7EA00F9684A /* Coruscation-MainMenu.xib */ = {
			isa = PBXVariantGroup;
			children = (
				2F7446980DB6B7EA00F9684A /* English */,
			);
			name = "Coruscation-MainMenu.xib";
			sourceTree = "<group>";
		};
		CBB611FD10D1C4FD003BC3D3 /* Preferences.xib */ = {
			isa = PBXVariantGroup;
			children = (
				CBB611FE10D1C4FD003BC3D3 /* English */,
			);
			name = Preferences.xib;
			sourceTree = "<group>";
		};
		CBB7E44910C4A2C100094536 /* Coruscation Help */ = {
			isa = PBXVariantGroup;
			children = (
				CBB7E42D10C4A21C00094536 /* English */,
			);
			name = "Coruscation Help";
			sourceTree = "<group>";
		};
/* End PBXVariantGroup section */

/* Begin XCBuildConfiguration section */
		26FC0A850875C7B200E6366F /* Debug */ = {
			isa = XCBuildConfiguration;
			buildSettings = {
				ARCHS = "$(ARCHS_STANDARD_32_64_BIT)";
				COPY_PHASE_STRIP = NO;
				GCC_DYNAMIC_NO_PIC = NO;
				GCC_ENABLE_FIX_AND_CONTINUE = YES;
				GCC_ENABLE_OBJC_EXCEPTIONS = YES;
				GCC_MODEL_TUNING = G5;
				GCC_OPTIMIZATION_LEVEL = 0;
				GCC_PRECOMPILE_PREFIX_HEADER = YES;
				GCC_PREFIX_HEADER = Coruscation_Prefix.pch;
				INFOPLIST_FILE = "Coruscation-Info.plist";
				INSTALL_PATH = "$(HOME)/Applications";
				PRODUCT_NAME = Coruscation;
				WRAPPER_EXTENSION = app;
			};
			name = Debug;
		};
		26FC0A860875C7B200E6366F /* Release */ = {
			isa = XCBuildConfiguration;
			buildSettings = {
				DEBUG_INFORMATION_FORMAT = "dwarf-with-dsym";
				GCC_ENABLE_OBJC_EXCEPTIONS = YES;
				GCC_MODEL_TUNING = G5;
				GCC_PRECOMPILE_PREFIX_HEADER = YES;
				GCC_PREFIX_HEADER = Coruscation_Prefix.pch;
				INFOPLIST_FILE = "Coruscation-Info.plist";
				INSTALL_PATH = "$(HOME)/Applications";
				PRODUCT_NAME = Coruscation;
				WRAPPER_EXTENSION = app;
			};
			name = Release;
		};
		26FC0A890875C7B200E6366F /* Debug */ = {
			isa = XCBuildConfiguration;
			buildSettings = {
				ARCHS = "$(ARCHS_STANDARD_32_64_BIT)";
				CURRENT_PROJECT_VERSION = 10;
				GCC_C_LANGUAGE_STANDARD = gnu99;
				GCC_ENABLE_OBJC_GC = required;
				GCC_WARN_ABOUT_RETURN_TYPE = YES;
				GCC_WARN_UNUSED_VARIABLE = YES;
				ONLY_ACTIVE_ARCH = YES;
				PREBINDING = NO;
				SDKROOT = macosx10.6;
				VERSIONING_SYSTEM = "apple-generic";
			};
			name = Debug;
		};
		26FC0A8A0875C7B200E6366F /* Release */ = {
			isa = XCBuildConfiguration;
			buildSettings = {
				ARCHS = "$(ARCHS_STANDARD_32_64_BIT)";
				CURRENT_PROJECT_VERSION = 10;
				GCC_C_LANGUAGE_STANDARD = gnu99;
				GCC_ENABLE_OBJC_GC = required;
				GCC_WARN_ABOUT_RETURN_TYPE = YES;
				GCC_WARN_UNUSED_VARIABLE = YES;
				PREBINDING = NO;
				SDKROOT = macosx10.6;
				VERSIONING_SYSTEM = "apple-generic";
			};
			name = Release;
		};
		CB05D5E710D1892B00AECB32 /* Debug */ = {
			isa = XCBuildConfiguration;
			buildSettings = {
				ALWAYS_SEARCH_USER_PATHS = NO;
				COPY_PHASE_STRIP = NO;
				GCC_DYNAMIC_NO_PIC = NO;
				GCC_ENABLE_FIX_AND_CONTINUE = YES;
				GCC_MODEL_TUNING = G5;
				GCC_OPTIMIZATION_LEVEL = 0;
				GCC_PRECOMPILE_PREFIX_HEADER = YES;
				GCC_PREFIX_HEADER = CoruscationAgent_Prefix.pch;
				INFOPLIST_FILE = "CoruscationAgent-Info.plist";
				INSTALL_PATH = "$(HOME)/Applications";
				OTHER_LDFLAGS = (
					"-framework",
					Foundation,
					"-framework",
					AppKit,
				);
				PREBINDING = NO;
				PRODUCT_NAME = CoruscationAgent;
			};
			name = Debug;
		};
		CB05D5E810D1892B00AECB32 /* Release */ = {
			isa = XCBuildConfiguration;
			buildSettings = {
				ALWAYS_SEARCH_USER_PATHS = NO;
				COPY_PHASE_STRIP = YES;
				DEBUG_INFORMATION_FORMAT = "dwarf-with-dsym";
				GCC_ENABLE_FIX_AND_CONTINUE = NO;
				GCC_MODEL_TUNING = G5;
				GCC_PRECOMPILE_PREFIX_HEADER = YES;
				GCC_PREFIX_HEADER = CoruscationAgent_Prefix.pch;
				INFOPLIST_FILE = "CoruscationAgent-Info.plist";
				INSTALL_PATH = "$(HOME)/Applications";
				OTHER_LDFLAGS = (
					"-framework",
					Foundation,
					"-framework",
					AppKit,
				);
				PREBINDING = NO;
				PRODUCT_NAME = CoruscationAgent;
				ZERO_LINK = NO;
			};
			name = Release;
		};
/* End XCBuildConfiguration section */

/* Begin XCConfigurationList section */
		26FC0A840875C7B200E6366F /* Build configuration list for PBXNativeTarget "Coruscation" */ = {
			isa = XCConfigurationList;
			buildConfigurations = (
				26FC0A850875C7B200E6366F /* Debug */,
				26FC0A860875C7B200E6366F /* Release */,
			);
			defaultConfigurationIsVisible = 0;
			defaultConfigurationName = Release;
		};
		26FC0A880875C7B200E6366F /* Build configuration list for PBXProject "Coruscation" */ = {
			isa = XCConfigurationList;
			buildConfigurations = (
				26FC0A890875C7B200E6366F /* Debug */,
				26FC0A8A0875C7B200E6366F /* Release */,
			);
			defaultConfigurationIsVisible = 0;
			defaultConfigurationName = Release;
		};
		CB05D5E910D1892B00AECB32 /* Build configuration list for PBXNativeTarget "CoruscationAgent" */ = {
			isa = XCConfigurationList;
			buildConfigurations = (
				CB05D5E710D1892B00AECB32 /* Debug */,
				CB05D5E810D1892B00AECB32 /* Release */,
			);
			defaultConfigurationIsVisible = 0;
			defaultConfigurationName = Release;
		};
/* End XCConfigurationList section */
	};
	rootObject = 29B97313FDCFA39411CA2CEA /* Project object */;
}
